
Microsoft Visual Studio Solution File, Format Version 12.00
# Visual Studio Version 16
VisualStudioVersion = 16.0.32126.315
MinimumVisualStudioVersion = 10.0.40219.1
Project("{FAE04EC0-301F-11D3-BF4B-00C04F79EFBC}") = "DataBase", "DataBase\DataBase.csproj", "{838AE39F-9AB8-417D-AE4E-59BE0DA8BC3F}"
EndProject
Project("{FAE04EC0-301F-11D3-BF4B-00C04F79EFBC}") = "BL", "BL\BL.csproj", "{6E3B11C7-56C2-4FA2-966E-25937DE32FFA}"
EndProject
Project("{FAE04EC0-301F-11D3-BF4B-00C04F79EFBC}") = "DesktopUI", "DesktopUI\DesktopUI.csproj", "{247E45B8-3FB4-4608-AC8F-2F4467762FB2}"
EndProject
Global
	GlobalSection(SolutionConfigurationPlatforms) = preSolution
		Debug|Any CPU = Debug|Any CPU
		Release|Any CPU = Release|Any CPU
	EndGlobalSection
	GlobalSection(ProjectConfigurationPlatforms) = postSolution
		{838AE39F-9AB8-417D-AE4E-59BE0DA8BC3F}.Debug|Any CPU.ActiveCfg = Debug|Any CPU
		{838AE39F-9AB8-417D-AE4E-59BE0DA8BC3F}.Debug|Any CPU.Build.0 = Debug|Any CPU
		{838AE39F-9AB8-417D-AE4E-59BE0DA8BC3F}.Release|Any CPU.ActiveCfg = Release|Any CPU
		{838AE39F-9AB8-417D-AE4E-59BE0DA8BC3F}.Release|Any CPU.Build.0 = Release|Any CPU
		{6E3B11C7-56C2-4FA2-966E-25937DE32FFA}.Debug|Any CPU.ActiveCfg = Debug|Any CPU
		{6E3B11C7-56C2-4FA2-966E-25937DE32FFA}.Debug|Any CPU.Build.0 = Debug|Any CPU
		{6E3B11C7-56C2-4FA2-966E-25937DE32FFA}.Release|Any CPU.ActiveCfg = Release|Any CPU
		{6E3B11C7-56C2-4FA2-966E-25937DE32FFA}.Release|Any CPU.Build.0 = Release|Any CPU
		{247E45B8-3FB4-4608-AC8F-2F4467762FB2}.Debug|Any CPU.ActiveCfg = Debug|Any CPU
		{247E45B8-3FB4-4608-AC8F-2F4467762FB2}.Debug|Any CPU.Build.0 = Debug|Any CPU
		{247E45B8-3FB4-4608-AC8F-2F4467762FB2}.Release|Any CPU.ActiveCfg = Release|Any CPU
		{247E45B8-3FB4-4608-AC8F-2F4467762FB2}.Release|Any CPU.Build.0 = Release|Any CPU
	EndGlobalSection
	GlobalSection(SolutionProperties) = preSolution
		HideSolutionNode = FALSE
	EndGlobalSection
	GlobalSection(ExtensibilityGlobals) = postSolution
		SolutionGuid = {9D4AC132-F21F-4E57-AAFC-DE9E7F5B12CA}
	EndGlobalSection
EndGlobal
